Microsoft Visual Studio Solution File, Format Version 12.00
# Visual Studio Version 17
VisualStudioVersion = 17.5.2.0
MinimumVisualStudioVersion = 10.0.40219.1
Project("{FAE04EC0-301F-11D3-BF4B-00C04F79EFBC}") = "WishListApp", "WishListApp.csproj", "{942D069D-9392-1E64-8B5D-F68226141768}"
EndProject
Global
	GlobalSection(SolutionConfigurationPlatforms) = preSolution
		Debug|Any CPU = Debug|Any CPU
		Release|Any CPU = Release|Any CPU
	EndGlobalSection
	GlobalSection(ProjectConfigurationPlatforms) = postSolution
		{942D069D-9392-1E64-8B5D-F68226141768}.Debug|Any CPU.ActiveCfg = Debug|Any CPU
		{942D069D-9392-1E64-8B5D-F68226141768}.Debug|Any CPU.Build.0 = Debug|Any CPU
		{942D069D-9392-1E64-8B5D-F68226141768}.Release|Any CPU.ActiveCfg = Release|Any CPU
		{942D069D-9392-1E64-8B5D-F68226141768}.Release|Any CPU.Build.0 = Release|Any CPU
	EndGlobalSection
	GlobalSection(SolutionProperties) = preSolution
		HideSolutionNode = FALSE
	EndGlobalSection
	GlobalSection(ExtensibilityGlobals) = postSolution
		SolutionGuid = {F23F6574-74D6-4323-B40D-F946CD95786E}
	EndGlobalSection
EndGlobal
